<?xml version="1.0" encoding="utf-8"?>
<Project ToolsVersion="17.0" xmlns="http://schemas.microsoft.com/developer/msbuild/2003">
  <ItemGroup>
    <CustomBuild Include="C:\Users\leeho\OneDrive\문서\GitHub\Frogman-Engine\SDK\Core\CMake\Solution_X64_AVX\CMakeFiles\b150df0fb263f2abaea114eef51575e9\generate.stamp.rule">
      <Filter>CMake Rules</Filter>
    </CustomBuild>
  </ItemGroup>
  <ItemGroup>
    <Filter Include="CMake Rules">
      <UniqueIdentifier>{235927AF-4056-3A00-9B4F-BC8ADA84EC93}</UniqueIdentifier>
    </Filter>
  </ItemGroup>
</Project>
