
Microsoft Visual Studio Solution File, Format Version 12.00
# Visual Studio Version 17
Project("{2150E333-8FDC-42A3-9474-1A3956D46DE8}") = "CMakePredefinedTargets", "CMakePredefinedTargets", "{EA1C90CC-5544-33C5-A39C-93EF1403A439}"
EndProject
Project("{8BC9CEB8-8B4A-11D0-8D11-00A0C91BC942}") = "ALL_BUILD", "ALL_BUILD.vcxproj", "{909F013F-DB32-3FED-B7BC-A267EA385379}"
	ProjectSection(ProjectDependencies) = postProject
		{AB0B93B2-D331-3277-BEE8-9EAB0691B08E} = {AB0B93B2-D331-3277-BEE8-9EAB0691B08E}
		{85DED762-254C-37D9-8584-9BC82C6DA080} = {85DED762-254C-37D9-8584-9BC82C6DA080}
	EndProjectSection
EndProject
Project("{8BC9CEB8-8B4A-11D0-8D11-00A0C91BC942}") = "FE_UNIT_TEST", "FE_UNIT_TEST.vcxproj", "{AB0B93B2-D331-3277-BEE8-9EAB0691B08E}"
	ProjectSection(ProjectDependencies) = postProject
		{85DED762-254C-37D9-8584-9BC82C6DA080} = {85DED762-254C-37D9-8584-9BC82C6DA080}
	EndProjectSection
EndProject
Project("{8BC9CEB8-8B4A-11D0-8D11-00A0C91BC942}") = "ZERO_CHECK", "ZERO_CHECK.vcxproj", "{85DED762-254C-37D9-8584-9BC82C6DA080}"
	ProjectSection(ProjectDependencies) = postProject
	EndProjectSection
EndProject
Global
	GlobalSection(SolutionConfigurationPlatforms) = preSolution
		Debug|x64 = Debug|x64
		RelWithDebInfo|x64 = RelWithDebInfo|x64
		Release|x64 = Release|x64
		MinSizeRel|x64 = MinSizeRel|x64
	EndGlobalSection
	GlobalSection(ProjectConfigurationPlatforms) = postSolution
		{909F013F-DB32-3FED-B7BC-A267EA385379}.Debug|x64.ActiveCfg = Debug|x64
		{909F013F-DB32-3FED-B7BC-A267EA385379}.RelWithDebInfo|x64.ActiveCfg = RelWithDebInfo|x64
		{909F013F-DB32-3FED-B7BC-A267EA385379}.Release|x64.ActiveCfg = Release|x64
		{909F013F-DB32-3FED-B7BC-A267EA385379}.MinSizeRel|x64.ActiveCfg = MinSizeRel|x64
		{AB0B93B2-D331-3277-BEE8-9EAB0691B08E}.Debug|x64.ActiveCfg = Debug|x64
		{AB0B93B2-D331-3277-BEE8-9EAB0691B08E}.Debug|x64.Build.0 = Debug|x64
		{AB0B93B2-D331-3277-BEE8-9EAB0691B08E}.RelWithDebInfo|x64.ActiveCfg = RelWithDebInfo|x64
		{AB0B93B2-D331-3277-BEE8-9EAB0691B08E}.RelWithDebInfo|x64.Build.0 = RelWithDebInfo|x64
		{AB0B93B2-D331-3277-BEE8-9EAB0691B08E}.Release|x64.ActiveCfg = Release|x64
		{AB0B93B2-D331-3277-BEE8-9EAB0691B08E}.Release|x64.Build.0 = Release|x64
		{AB0B93B2-D331-3277-BEE8-9EAB0691B08E}.MinSizeRel|x64.ActiveCfg = MinSizeRel|x64
		{AB0B93B2-D331-3277-BEE8-9EAB0691B08E}.MinSizeRel|x64.Build.0 = MinSizeRel|x64
		{85DED762-254C-37D9-8584-9BC82C6DA080}.Debug|x64.ActiveCfg = Debug|x64
		{85DED762-254C-37D9-8584-9BC82C6DA080}.Debug|x64.Build.0 = Debug|x64
		{85DED762-254C-37D9-8584-9BC82C6DA080}.RelWithDebInfo|x64.ActiveCfg = RelWithDebInfo|x64
		{85DED762-254C-37D9-8584-9BC82C6DA080}.RelWithDebInfo|x64.Build.0 = RelWithDebInfo|x64
		{85DED762-254C-37D9-8584-9BC82C6DA080}.Release|x64.ActiveCfg = Release|x64
		{85DED762-254C-37D9-8584-9BC82C6DA080}.Release|x64.Build.0 = Release|x64
		{85DED762-254C-37D9-8584-9BC82C6DA080}.MinSizeRel|x64.ActiveCfg = MinSizeRel|x64
		{85DED762-254C-37D9-8584-9BC82C6DA080}.MinSizeRel|x64.Build.0 = MinSizeRel|x64
	EndGlobalSection
	GlobalSection(NestedProjects) = preSolution
		{909F013F-DB32-3FED-B7BC-A267EA385379} = {EA1C90CC-5544-33C5-A39C-93EF1403A439}
		{85DED762-254C-37D9-8584-9BC82C6DA080} = {EA1C90CC-5544-33C5-A39C-93EF1403A439}
	EndGlobalSection
	GlobalSection(ExtensibilityGlobals) = postSolution
		SolutionGuid = {853DB636-A678-3818-9027-ABFB070A2FEE}
	EndGlobalSection
	GlobalSection(ExtensibilityAddIns) = postSolution
	EndGlobalSection
EndGlobal
