
Microsoft Visual Studio Solution File, Format Version 12.00
# Visual Studio Version 17
Project("{2150E333-8FDC-42A3-9474-1A3956D46DE8}") = "CMakePredefinedTargets", "CMakePredefinedTargets", "{5B9E7121-2FE9-3692-874D-69F9BF6C2405}"
EndProject
Project("{8BC9CEB8-8B4A-11D0-8D11-00A0C91BC942}") = "ALL_BUILD", "ALL_BUILD.vcxproj", "{1439967B-676D-3E8F-9266-3082D3FDE59D}"
	ProjectSection(ProjectDependencies) = postProject
		{B668BEC9-7C23-3AD9-845E-5A2005B0A38B} = {B668BEC9-7C23-3AD9-845E-5A2005B0A38B}
		{67FC92CA-367D-37E0-845E-1B8BD8F1886A} = {67FC92CA-367D-37E0-845E-1B8BD8F1886A}
	EndProjectSection
EndProject
Project("{8BC9CEB8-8B4A-11D0-8D11-00A0C91BC942}") = "FE.Engine", "FE.Engine.vcxproj", "{B668BEC9-7C23-3AD9-845E-5A2005B0A38B}"
	ProjectSection(ProjectDependencies) = postProject
		{67FC92CA-367D-37E0-845E-1B8BD8F1886A} = {67FC92CA-367D-37E0-845E-1B8BD8F1886A}
	EndProjectSection
EndProject
Project("{8BC9CEB8-8B4A-11D0-8D11-00A0C91BC942}") = "ZERO_CHECK", "ZERO_CHECK.vcxproj", "{67FC92CA-367D-37E0-845E-1B8BD8F1886A}"
	ProjectSection(ProjectDependencies) = postProject
	EndProjectSection
EndProject
Global
	GlobalSection(SolutionConfigurationPlatforms) = preSolution
		Debug|x64 = Debug|x64
		RelWithDebInfo|x64 = RelWithDebInfo|x64
		Release|x64 = Release|x64
		MinSizeRel|x64 = MinSizeRel|x64
	EndGlobalSection
	GlobalSection(ProjectConfigurationPlatforms) = postSolution
		{1439967B-676D-3E8F-9266-3082D3FDE59D}.Debug|x64.ActiveCfg = Debug|x64
		{1439967B-676D-3E8F-9266-3082D3FDE59D}.RelWithDebInfo|x64.ActiveCfg = RelWithDebInfo|x64
		{1439967B-676D-3E8F-9266-3082D3FDE59D}.Release|x64.ActiveCfg = Release|x64
		{1439967B-676D-3E8F-9266-3082D3FDE59D}.MinSizeRel|x64.ActiveCfg = MinSizeRel|x64
		{B668BEC9-7C23-3AD9-845E-5A2005B0A38B}.Debug|x64.ActiveCfg = Debug|x64
		{B668BEC9-7C23-3AD9-845E-5A2005B0A38B}.Debug|x64.Build.0 = Debug|x64
		{B668BEC9-7C23-3AD9-845E-5A2005B0A38B}.RelWithDebInfo|x64.ActiveCfg = RelWithDebInfo|x64
		{B668BEC9-7C23-3AD9-845E-5A2005B0A38B}.RelWithDebInfo|x64.Build.0 = RelWithDebInfo|x64
		{B668BEC9-7C23-3AD9-845E-5A2005B0A38B}.Release|x64.ActiveCfg = Release|x64
		{B668BEC9-7C23-3AD9-845E-5A2005B0A38B}.Release|x64.Build.0 = Release|x64
		{B668BEC9-7C23-3AD9-845E-5A2005B0A38B}.MinSizeRel|x64.ActiveCfg = MinSizeRel|x64
		{B668BEC9-7C23-3AD9-845E-5A2005B0A38B}.MinSizeRel|x64.Build.0 = MinSizeRel|x64
		{67FC92CA-367D-37E0-845E-1B8BD8F1886A}.Debug|x64.ActiveCfg = Debug|x64
		{67FC92CA-367D-37E0-845E-1B8BD8F1886A}.Debug|x64.Build.0 = Debug|x64
		{67FC92CA-367D-37E0-845E-1B8BD8F1886A}.RelWithDebInfo|x64.ActiveCfg = RelWithDebInfo|x64
		{67FC92CA-367D-37E0-845E-1B8BD8F1886A}.RelWithDebInfo|x64.Build.0 = RelWithDebInfo|x64
		{67FC92CA-367D-37E0-845E-1B8BD8F1886A}.Release|x64.ActiveCfg = Release|x64
		{67FC92CA-367D-37E0-845E-1B8BD8F1886A}.Release|x64.Build.0 = Release|x64
		{67FC92CA-367D-37E0-845E-1B8BD8F1886A}.MinSizeRel|x64.ActiveCfg = MinSizeRel|x64
		{67FC92CA-367D-37E0-845E-1B8BD8F1886A}.MinSizeRel|x64.Build.0 = MinSizeRel|x64
	EndGlobalSection
	GlobalSection(NestedProjects) = preSolution
		{1439967B-676D-3E8F-9266-3082D3FDE59D} = {5B9E7121-2FE9-3692-874D-69F9BF6C2405}
		{67FC92CA-367D-37E0-845E-1B8BD8F1886A} = {5B9E7121-2FE9-3692-874D-69F9BF6C2405}
	EndGlobalSection
	GlobalSection(ExtensibilityGlobals) = postSolution
		SolutionGuid = {75F1CE14-446B-3EFD-ACDA-17D7662AC80B}
	EndGlobalSection
	GlobalSection(ExtensibilityAddIns) = postSolution
	EndGlobalSection
EndGlobal
