<?xml version="1.0" encoding="utf-8"?>
<Project ToolsVersion="17.0" xmlns="http://schemas.microsoft.com/developer/msbuild/2003">
  <ItemGroup>
    <ClCompile Include="C:\Users\leeho\Documents\GitHub\Frogman-Engine\SDK\Engine\Source\engine.cpp">
      <Filter>Source Files</Filter>
    </ClCompile>
  </ItemGroup>
  <ItemGroup>
    <ClInclude Include="C:\Users\leeho\Documents\GitHub\Frogman-Engine\SDK\Engine\Include\FE\engine.hpp">
      <Filter>Header Files</Filter>
    </ClInclude>
  </ItemGroup>
  <ItemGroup>
    <CustomBuild Include="C:\Users\leeho\Documents\GitHub\Frogman-Engine\SDK\Engine\CMake\CMakeLists.txt" />
  </ItemGroup>
  <ItemGroup>
    <Filter Include="Header Files">
      <UniqueIdentifier>{E48F23D6-8C29-3239-AE92-06C4ADE78437}</UniqueIdentifier>
    </Filter>
    <Filter Include="Source Files">
      <UniqueIdentifier>{0D302F70-69D6-305F-945D-A9650258AFDA}</UniqueIdentifier>
    </Filter>
  </ItemGroup>
</Project>
