<?xml version="1.0" encoding="utf-8"?>
<Project ToolsVersion="17.0" xmlns="http://schemas.microsoft.com/developer/msbuild/2003">
  <ItemGroup>
    <CustomBuild Include="C:\Users\leeho\Documents\GitHub\Frogman-Engine\SDK\Tests\Integration Tests\2DShooterDemo\CMake\Solution_X64_AVX\CMakeFiles\4968ea38b3ff11cc2648fa317bb0229d\generate.stamp.rule">
      <Filter>CMake Rules</Filter>
    </CustomBuild>
  </ItemGroup>
  <ItemGroup>
    <Filter Include="CMake Rules">
      <UniqueIdentifier>{9C14171D-D6BF-3835-8015-6EC063415609}</UniqueIdentifier>
    </Filter>
  </ItemGroup>
</Project>
