
Microsoft Visual Studio Solution File, Format Version 12.00
# Visual Studio Version 17
Project("{2150E333-8FDC-42A3-9474-1A3956D46DE8}") = "CMakePredefinedTargets", "CMakePredefinedTargets", "{5B54B176-B30B-308A-BC41-4CAEC07397D3}"
EndProject
Project("{8BC9CEB8-8B4A-11D0-8D11-00A0C91BC942}") = "ALL_BUILD", "ALL_BUILD.vcxproj", "{780DD055-E794-339E-B1FB-CBBA980BB1F2}"
	ProjectSection(ProjectDependencies) = postProject
		{073683DC-8EC3-3D90-B992-29743DC7C2E9} = {073683DC-8EC3-3D90-B992-29743DC7C2E9}
		{FA01946D-66AF-3F07-9006-41C65FF5846F} = {FA01946D-66AF-3F07-9006-41C65FF5846F}
		{3991848E-B009-3BCF-95F1-CBA616FC3ED7} = {3991848E-B009-3BCF-95F1-CBA616FC3ED7}
	EndProjectSection
EndProject
Project("{8BC9CEB8-8B4A-11D0-8D11-00A0C91BC942}") = "2DShooterDemo", "2DShooterDemo.vcxproj", "{073683DC-8EC3-3D90-B992-29743DC7C2E9}"
	ProjectSection(ProjectDependencies) = postProject
		{3991848E-B009-3BCF-95F1-CBA616FC3ED7} = {3991848E-B009-3BCF-95F1-CBA616FC3ED7}
	EndProjectSection
EndProject
Project("{8BC9CEB8-8B4A-11D0-8D11-00A0C91BC942}") = "Engine", "Engine.vcxproj", "{FA01946D-66AF-3F07-9006-41C65FF5846F}"
	ProjectSection(ProjectDependencies) = postProject
		{3991848E-B009-3BCF-95F1-CBA616FC3ED7} = {3991848E-B009-3BCF-95F1-CBA616FC3ED7}
	EndProjectSection
EndProject
Project("{8BC9CEB8-8B4A-11D0-8D11-00A0C91BC942}") = "ZERO_CHECK", "ZERO_CHECK.vcxproj", "{3991848E-B009-3BCF-95F1-CBA616FC3ED7}"
	ProjectSection(ProjectDependencies) = postProject
	EndProjectSection
EndProject
Global
	GlobalSection(SolutionConfigurationPlatforms) = preSolution
		Debug|x64 = Debug|x64
		RelWithDebInfo|x64 = RelWithDebInfo|x64
		Release|x64 = Release|x64
		MinSizeRel|x64 = MinSizeRel|x64
	EndGlobalSection
	GlobalSection(ProjectConfigurationPlatforms) = postSolution
		{780DD055-E794-339E-B1FB-CBBA980BB1F2}.Debug|x64.ActiveCfg = Debug|x64
		{780DD055-E794-339E-B1FB-CBBA980BB1F2}.RelWithDebInfo|x64.ActiveCfg = RelWithDebInfo|x64
		{780DD055-E794-339E-B1FB-CBBA980BB1F2}.Release|x64.ActiveCfg = Release|x64
		{780DD055-E794-339E-B1FB-CBBA980BB1F2}.MinSizeRel|x64.ActiveCfg = MinSizeRel|x64
		{073683DC-8EC3-3D90-B992-29743DC7C2E9}.Debug|x64.ActiveCfg = Debug|x64
		{073683DC-8EC3-3D90-B992-29743DC7C2E9}.Debug|x64.Build.0 = Debug|x64
		{073683DC-8EC3-3D90-B992-29743DC7C2E9}.RelWithDebInfo|x64.ActiveCfg = RelWithDebInfo|x64
		{073683DC-8EC3-3D90-B992-29743DC7C2E9}.RelWithDebInfo|x64.Build.0 = RelWithDebInfo|x64
		{073683DC-8EC3-3D90-B992-29743DC7C2E9}.Release|x64.ActiveCfg = Release|x64
		{073683DC-8EC3-3D90-B992-29743DC7C2E9}.Release|x64.Build.0 = Release|x64
		{073683DC-8EC3-3D90-B992-29743DC7C2E9}.MinSizeRel|x64.ActiveCfg = MinSizeRel|x64
		{073683DC-8EC3-3D90-B992-29743DC7C2E9}.MinSizeRel|x64.Build.0 = MinSizeRel|x64
		{FA01946D-66AF-3F07-9006-41C65FF5846F}.Debug|x64.ActiveCfg = Debug|x64
		{FA01946D-66AF-3F07-9006-41C65FF5846F}.Debug|x64.Build.0 = Debug|x64
		{FA01946D-66AF-3F07-9006-41C65FF5846F}.RelWithDebInfo|x64.ActiveCfg = RelWithDebInfo|x64
		{FA01946D-66AF-3F07-9006-41C65FF5846F}.RelWithDebInfo|x64.Build.0 = RelWithDebInfo|x64
		{FA01946D-66AF-3F07-9006-41C65FF5846F}.Release|x64.ActiveCfg = Release|x64
		{FA01946D-66AF-3F07-9006-41C65FF5846F}.Release|x64.Build.0 = Release|x64
		{FA01946D-66AF-3F07-9006-41C65FF5846F}.MinSizeRel|x64.ActiveCfg = MinSizeRel|x64
		{FA01946D-66AF-3F07-9006-41C65FF5846F}.MinSizeRel|x64.Build.0 = MinSizeRel|x64
		{3991848E-B009-3BCF-95F1-CBA616FC3ED7}.Debug|x64.ActiveCfg = Debug|x64
		{3991848E-B009-3BCF-95F1-CBA616FC3ED7}.Debug|x64.Build.0 = Debug|x64
		{3991848E-B009-3BCF-95F1-CBA616FC3ED7}.RelWithDebInfo|x64.ActiveCfg = RelWithDebInfo|x64
		{3991848E-B009-3BCF-95F1-CBA616FC3ED7}.RelWithDebInfo|x64.Build.0 = RelWithDebInfo|x64
		{3991848E-B009-3BCF-95F1-CBA616FC3ED7}.Release|x64.ActiveCfg = Release|x64
		{3991848E-B009-3BCF-95F1-CBA616FC3ED7}.Release|x64.Build.0 = Release|x64
		{3991848E-B009-3BCF-95F1-CBA616FC3ED7}.MinSizeRel|x64.ActiveCfg = MinSizeRel|x64
		{3991848E-B009-3BCF-95F1-CBA616FC3ED7}.MinSizeRel|x64.Build.0 = MinSizeRel|x64
	EndGlobalSection
	GlobalSection(NestedProjects) = preSolution
		{780DD055-E794-339E-B1FB-CBBA980BB1F2} = {5B54B176-B30B-308A-BC41-4CAEC07397D3}
		{3991848E-B009-3BCF-95F1-CBA616FC3ED7} = {5B54B176-B30B-308A-BC41-4CAEC07397D3}
	EndGlobalSection
	GlobalSection(ExtensibilityGlobals) = postSolution
		SolutionGuid = {643DAF26-DC79-345C-9B51-310B4B23544D}
	EndGlobalSection
	GlobalSection(ExtensibilityAddIns) = postSolution
	EndGlobalSection
EndGlobal
