<?xml version="1.0" encoding="utf-8"?>
<Project ToolsVersion="17.0" xmlns="http://schemas.microsoft.com/developer/msbuild/2003">
  <ItemGroup>
    <ClCompile Include="C:\Users\leeho\OneDrive\문서\GitHub\Frogman-Engine\SDK\Framework\Source\framework.cpp">
      <Filter>Source Files</Filter>
    </ClCompile>
    <ClCompile Include="C:\Users\leeho\OneDrive\문서\GitHub\Frogman-Engine\SDK\Framework\Source\thread_id.cpp">
      <Filter>Source Files</Filter>
    </ClCompile>
    <ClCompile Include="C:\Users\leeho\OneDrive\문서\GitHub\Frogman-Engine\SDK\Framework\Source\type_info.cpp">
      <Filter>Source Files</Filter>
    </ClCompile>
  </ItemGroup>
  <ItemGroup>
    <ClInclude Include="C:\Users\leeho\OneDrive\문서\GitHub\Frogman-Engine\SDK\Framework\Include\FE\framework\framework.hpp">
      <Filter>Header Files</Filter>
    </ClInclude>
    <ClInclude Include="C:\Users\leeho\OneDrive\문서\GitHub\Frogman-Engine\SDK\Framework\Include\FE\framework\thread_id.hpp">
      <Filter>Header Files</Filter>
    </ClInclude>
    <ClInclude Include="C:\Users\leeho\OneDrive\문서\GitHub\Frogman-Engine\SDK\Framework\Include\FE\framework\reflection.hpp">
      <Filter>FE.Framework.Reflection</Filter>
    </ClInclude>
    <ClInclude Include="C:\Users\leeho\OneDrive\문서\GitHub\Frogman-Engine\SDK\Framework\Include\FE\framework\type_info.hpp">
      <Filter>FE.Framework.Reflection</Filter>
    </ClInclude>
  </ItemGroup>
  <ItemGroup>
    <CustomBuild Include="C:\Users\leeho\OneDrive\문서\GitHub\Frogman-Engine\SDK\Framework\CMake\CMakeLists.txt" />
  </ItemGroup>
  <ItemGroup>
    <Filter Include="FE.Framework.Reflection">
      <UniqueIdentifier>{DA966D46-9394-33EC-80E4-B9B7D63350BC}</UniqueIdentifier>
    </Filter>
    <Filter Include="Header Files">
      <UniqueIdentifier>{286022B0-0C85-3B64-8739-C4261EAF329D}</UniqueIdentifier>
    </Filter>
    <Filter Include="Source Files">
      <UniqueIdentifier>{0B7EDBC8-2FF3-35D9-B86E-B8BAE623287A}</UniqueIdentifier>
    </Filter>
  </ItemGroup>
</Project>
