<?xml version="1.0" encoding="utf-8"?>
<Project ToolsVersion="17.0" xmlns="http://schemas.microsoft.com/developer/msbuild/2003">
  <ItemGroup>
    <CustomBuild Include="C:\Users\leeho\OneDrive\문서\GitHub\Frogman-Engine\SDK\Header-Tool\CMake\Solution_X64_AVX512F\CMakeFiles\f2c907e40f8c6e93428f7453dd23ef39\generate.stamp.rule">
      <Filter>CMake Rules</Filter>
    </CustomBuild>
  </ItemGroup>
  <ItemGroup>
    <Filter Include="CMake Rules">
      <UniqueIdentifier>{F8A3C354-C9C4-3B03-9D30-2F325D007BF1}</UniqueIdentifier>
    </Filter>
  </ItemGroup>
</Project>
